
Microsoft Visual Studio Solution File, Format Version 12.00
# Visual Studio Version 16
VisualStudioVersion = 16.0.35026.282
MinimumVisualStudioVersion = 10.0.40219.1
Project("{FAE04EC0-301F-11D3-BF4B-00C04F79EFBC}") = "Products_prj(AA1)", "Products_prj(AA1)\Products_prj(AA1).csproj", "{D7B3AE55-7459-4D01-ABDB-946596E68077}"
EndProject
Global
	GlobalSection(SolutionConfigurationPlatforms) = preSolution
		Debug|Any CPU = Debug|Any CPU
		Release|Any CPU = Release|Any CPU
	EndGlobalSection
	GlobalSection(ProjectConfigurationPlatforms) = postSolution
		{D7B3AE55-7459-4D01-ABDB-946596E68077}.Debug|Any CPU.ActiveCfg = Debug|Any CPU
		{D7B3AE55-7459-4D01-ABDB-946596E68077}.Debug|Any CPU.Build.0 = Debug|Any CPU
		{D7B3AE55-7459-4D01-ABDB-946596E68077}.Release|Any CPU.ActiveCfg = Release|Any CPU
		{D7B3AE55-7459-4D01-ABDB-946596E68077}.Release|Any CPU.Build.0 = Release|Any CPU
	EndGlobalSection
	GlobalSection(SolutionProperties) = preSolution
		HideSolutionNode = FALSE
	EndGlobalSection
	GlobalSection(ExtensibilityGlobals) = postSolution
		SolutionGuid = {054789D4-2149-42D5-9D3C-2B08F6CDCD99}
	EndGlobalSection
EndGlobal
