
Microsoft Visual Studio Solution File, Format Version 12.00
# Visual Studio Version 16
VisualStudioVersion = 16.0.34931.43
MinimumVisualStudioVersion = 10.0.40219.1
Project("{FAE04EC0-301F-11D3-BF4B-00C04F79EFBC}") = "Cc1", "Cc1\Cc1.csproj", "{256FE57F-AB5C-4737-BB5F-994A518A511B}"
EndProject
Global
	GlobalSection(SolutionConfigurationPlatforms) = preSolution
		Debug|Any CPU = Debug|Any CPU
		Release|Any CPU = Release|Any CPU
	EndGlobalSection
	GlobalSection(ProjectConfigurationPlatforms) = postSolution
		{256FE57F-AB5C-4737-BB5F-994A518A511B}.Debug|Any CPU.ActiveCfg = Debug|Any CPU
		{256FE57F-AB5C-4737-BB5F-994A518A511B}.Debug|Any CPU.Build.0 = Debug|Any CPU
		{256FE57F-AB5C-4737-BB5F-994A518A511B}.Release|Any CPU.ActiveCfg = Release|Any CPU
		{256FE57F-AB5C-4737-BB5F-994A518A511B}.Release|Any CPU.Build.0 = Release|Any CPU
	EndGlobalSection
	GlobalSection(SolutionProperties) = preSolution
		HideSolutionNode = FALSE
	EndGlobalSection
	GlobalSection(ExtensibilityGlobals) = postSolution
		SolutionGuid = {EE9F1E7E-416C-4539-A899-F6BD24910C1C}
	EndGlobalSection
EndGlobal
