
Microsoft Visual Studio Solution File, Format Version 12.00
# Visual Studio Version 16
VisualStudioVersion = 16.0.34931.43
MinimumVisualStudioVersion = 10.0.40219.1
Project("{FAE04EC0-301F-11D3-BF4B-00C04F79EFBC}") = "AA1", "AA1\AA1.csproj", "{C272E4E1-4508-422E-B535-CC847D6E0615}"
EndProject
Global
	GlobalSection(SolutionConfigurationPlatforms) = preSolution
		Debug|Any CPU = Debug|Any CPU
		Release|Any CPU = Release|Any CPU
	EndGlobalSection
	GlobalSection(ProjectConfigurationPlatforms) = postSolution
		{C272E4E1-4508-422E-B535-CC847D6E0615}.Debug|Any CPU.ActiveCfg = Debug|Any CPU
		{C272E4E1-4508-422E-B535-CC847D6E0615}.Debug|Any CPU.Build.0 = Debug|Any CPU
		{C272E4E1-4508-422E-B535-CC847D6E0615}.Release|Any CPU.ActiveCfg = Release|Any CPU
		{C272E4E1-4508-422E-B535-CC847D6E0615}.Release|Any CPU.Build.0 = Release|Any CPU
	EndGlobalSection
	GlobalSection(SolutionProperties) = preSolution
		HideSolutionNode = FALSE
	EndGlobalSection
	GlobalSection(ExtensibilityGlobals) = postSolution
		SolutionGuid = {1229DC21-17AB-4EC5-9CAF-7093B666A759}
	EndGlobalSection
EndGlobal
