
Microsoft Visual Studio Solution File, Format Version 12.00
# Visual Studio Version 16
VisualStudioVersion = 16.0.34931.43
MinimumVisualStudioVersion = 10.0.40219.1
Project("{FAE04EC0-301F-11D3-BF4B-00C04F79EFBC}") = "Assig 2", "Assig 2\Assig 2.csproj", "{95D55248-1186-40F2-A482-7219E2F6A572}"
EndProject
Global
	GlobalSection(SolutionConfigurationPlatforms) = preSolution
		Debug|Any CPU = Debug|Any CPU
		Release|Any CPU = Release|Any CPU
	EndGlobalSection
	GlobalSection(ProjectConfigurationPlatforms) = postSolution
		{95D55248-1186-40F2-A482-7219E2F6A572}.Debug|Any CPU.ActiveCfg = Debug|Any CPU
		{95D55248-1186-40F2-A482-7219E2F6A572}.Debug|Any CPU.Build.0 = Debug|Any CPU
		{95D55248-1186-40F2-A482-7219E2F6A572}.Release|Any CPU.ActiveCfg = Release|Any CPU
		{95D55248-1186-40F2-A482-7219E2F6A572}.Release|Any CPU.Build.0 = Release|Any CPU
	EndGlobalSection
	GlobalSection(SolutionProperties) = preSolution
		HideSolutionNode = FALSE
	EndGlobalSection
	GlobalSection(ExtensibilityGlobals) = postSolution
		SolutionGuid = {AE8891A9-8CCC-4DDF-ADF1-26574E19E8B5}
	EndGlobalSection
EndGlobal
