
Microsoft Visual Studio Solution File, Format Version 12.00
# Visual Studio Version 16
VisualStudioVersion = 16.0.34931.43
MinimumVisualStudioVersion = 10.0.40219.1
Project("{FAE04EC0-301F-11D3-BF4B-00C04F79EFBC}") = "AA6", "AA6\AA6.csproj", "{5079A311-0293-4620-B52E-F9054A3A930E}"
EndProject
Project("{FAE04EC0-301F-11D3-BF4B-00C04F79EFBC}") = "TravelConcessionApp", "TravelConcessionApp\TravelConcessionApp.csproj", "{CDFE67C3-F640-4C2C-8B91-C6A630C55676}"
EndProject
Project("{FAE04EC0-301F-11D3-BF4B-00C04F79EFBC}") = "TravelConcessionLib", "TravelConcessionLib\TravelConcessionLib.csproj", "{D819C411-5595-49D0-AFFB-661F9EF21115}"
EndProject
Global
	GlobalSection(SolutionConfigurationPlatforms) = preSolution
		Debug|Any CPU = Debug|Any CPU
		Release|Any CPU = Release|Any CPU
	EndGlobalSection
	GlobalSection(ProjectConfigurationPlatforms) = postSolution
		{5079A311-0293-4620-B52E-F9054A3A930E}.Debug|Any CPU.ActiveCfg = Debug|Any CPU
		{5079A311-0293-4620-B52E-F9054A3A930E}.Debug|Any CPU.Build.0 = Debug|Any CPU
		{5079A311-0293-4620-B52E-F9054A3A930E}.Release|Any CPU.ActiveCfg = Release|Any CPU
		{5079A311-0293-4620-B52E-F9054A3A930E}.Release|Any CPU.Build.0 = Release|Any CPU
		{CDFE67C3-F640-4C2C-8B91-C6A630C55676}.Debug|Any CPU.ActiveCfg = Debug|Any CPU
		{CDFE67C3-F640-4C2C-8B91-C6A630C55676}.Debug|Any CPU.Build.0 = Debug|Any CPU
		{CDFE67C3-F640-4C2C-8B91-C6A630C55676}.Release|Any CPU.ActiveCfg = Release|Any CPU
		{CDFE67C3-F640-4C2C-8B91-C6A630C55676}.Release|Any CPU.Build.0 = Release|Any CPU
		{D819C411-5595-49D0-AFFB-661F9EF21115}.Debug|Any CPU.ActiveCfg = Debug|Any CPU
		{D819C411-5595-49D0-AFFB-661F9EF21115}.Debug|Any CPU.Build.0 = Debug|Any CPU
		{D819C411-5595-49D0-AFFB-661F9EF21115}.Release|Any CPU.ActiveCfg = Release|Any CPU
		{D819C411-5595-49D0-AFFB-661F9EF21115}.Release|Any CPU.Build.0 = Release|Any CPU
	EndGlobalSection
	GlobalSection(SolutionProperties) = preSolution
		HideSolutionNode = FALSE
	EndGlobalSection
	GlobalSection(ExtensibilityGlobals) = postSolution
		SolutionGuid = {1D6D1887-74FA-42BE-957C-04FA837692AD}
	EndGlobalSection
EndGlobal
